
Microsoft Visual Studio Solution File, Format Version 12.00
# Visual Studio 15
VisualStudioVersion = 15.0.28010.2036
MinimumVisualStudioVersion = 10.0.40219.1
Project("{FAE04EC0-301F-11D3-BF4B-00C04F79EFBC}") = "Demo", "Demo\Demo.csproj", "{AA8F61DE-19BE-4CB7-AF71-076C07A5D27B}"
EndProject
Project("{FAE04EC0-301F-11D3-BF4B-00C04F79EFBC}") = "Show Dashboard in the Viewer", "Show Dashboard in the Viewer\Show Dashboard in the Viewer.csproj", "{107CFFC4-B8C9-453B-97CE-8A64BB38FF32}"
EndProject
Project("{FAE04EC0-301F-11D3-BF4B-00C04F79EFBC}") = "Edit Dashboard in the Designer", "Edit Dashboard in the Designer\Edit Dashboard in the Designer.csproj", "{BAB61E0A-43D4-4EED-9020-84ECE978937F}"
EndProject
Project("{FAE04EC0-301F-11D3-BF4B-00C04F79EFBC}") = "Runtime Dashboard Creation", "Runtime Dashboard Creation\Runtime Dashboard Creation.csproj", "{75A524B9-1DD5-4316-A92C-D8F3F7E91499}"
EndProject
Project("{FAE04EC0-301F-11D3-BF4B-00C04F79EFBC}") = "Register Data for Dashboard Template", "Register Data for Dashboard Template\Register Data for Dashboard Template.csproj", "{33CB0F40-7E58-4580-A689-69DE77CCFEC1}"
EndProject
Project("{FAE04EC0-301F-11D3-BF4B-00C04F79EFBC}") = "Export Dashboard", "Export Dashboard\Export Dashboard.csproj", "{39275308-5B7E-4E5E-8068-2B09E7C32DC3}"
EndProject
Project("{FAE04EC0-301F-11D3-BF4B-00C04F79EFBC}") = "Add a Custom Function", "Add a Custom Function\Add a Custom Function.csproj", "{4E693727-1C04-45B6-8655-132A5298EA42}"
EndProject
Project("{FAE04EC0-301F-11D3-BF4B-00C04F79EFBC}") = "Asynchronous Export", "Asynchronous Export\Asynchronous Export.csproj", "{637BE8CD-B5B7-498A-8A71-CED2AD876B96}"
EndProject
Global
	GlobalSection(SolutionConfigurationPlatforms) = preSolution
		Debug|Any CPU = Debug|Any CPU
		Release|Any CPU = Release|Any CPU
	EndGlobalSection
	GlobalSection(ProjectConfigurationPlatforms) = postSolution
		{AA8F61DE-19BE-4CB7-AF71-076C07A5D27B}.Debug|Any CPU.ActiveCfg = Debug|Any CPU
		{AA8F61DE-19BE-4CB7-AF71-076C07A5D27B}.Debug|Any CPU.Build.0 = Debug|Any CPU
		{AA8F61DE-19BE-4CB7-AF71-076C07A5D27B}.Release|Any CPU.ActiveCfg = Release|Any CPU
		{AA8F61DE-19BE-4CB7-AF71-076C07A5D27B}.Release|Any CPU.Build.0 = Release|Any CPU
		{107CFFC4-B8C9-453B-97CE-8A64BB38FF32}.Debug|Any CPU.ActiveCfg = Debug|Any CPU
		{107CFFC4-B8C9-453B-97CE-8A64BB38FF32}.Debug|Any CPU.Build.0 = Debug|Any CPU
		{107CFFC4-B8C9-453B-97CE-8A64BB38FF32}.Release|Any CPU.ActiveCfg = Release|Any CPU
		{107CFFC4-B8C9-453B-97CE-8A64BB38FF32}.Release|Any CPU.Build.0 = Release|Any CPU
		{BAB61E0A-43D4-4EED-9020-84ECE978937F}.Debug|Any CPU.ActiveCfg = Debug|Any CPU
		{BAB61E0A-43D4-4EED-9020-84ECE978937F}.Debug|Any CPU.Build.0 = Debug|Any CPU
		{BAB61E0A-43D4-4EED-9020-84ECE978937F}.Release|Any CPU.ActiveCfg = Release|Any CPU
		{BAB61E0A-43D4-4EED-9020-84ECE978937F}.Release|Any CPU.Build.0 = Release|Any CPU
		{75A524B9-1DD5-4316-A92C-D8F3F7E91499}.Debug|Any CPU.ActiveCfg = Debug|Any CPU
		{75A524B9-1DD5-4316-A92C-D8F3F7E91499}.Debug|Any CPU.Build.0 = Debug|Any CPU
		{75A524B9-1DD5-4316-A92C-D8F3F7E91499}.Release|Any CPU.ActiveCfg = Release|Any CPU
		{75A524B9-1DD5-4316-A92C-D8F3F7E91499}.Release|Any CPU.Build.0 = Release|Any CPU
		{33CB0F40-7E58-4580-A689-69DE77CCFEC1}.Debug|Any CPU.ActiveCfg = Debug|Any CPU
		{33CB0F40-7E58-4580-A689-69DE77CCFEC1}.Debug|Any CPU.Build.0 = Debug|Any CPU
		{33CB0F40-7E58-4580-A689-69DE77CCFEC1}.Release|Any CPU.ActiveCfg = Release|Any CPU
		{33CB0F40-7E58-4580-A689-69DE77CCFEC1}.Release|Any CPU.Build.0 = Release|Any CPU
		{39275308-5B7E-4E5E-8068-2B09E7C32DC3}.Debug|Any CPU.ActiveCfg = Debug|Any CPU
		{39275308-5B7E-4E5E-8068-2B09E7C32DC3}.Debug|Any CPU.Build.0 = Debug|Any CPU
		{39275308-5B7E-4E5E-8068-2B09E7C32DC3}.Release|Any CPU.ActiveCfg = Release|Any CPU
		{39275308-5B7E-4E5E-8068-2B09E7C32DC3}.Release|Any CPU.Build.0 = Release|Any CPU
		{4E693727-1C04-45B6-8655-132A5298EA42}.Debug|Any CPU.ActiveCfg = Debug|Any CPU
		{4E693727-1C04-45B6-8655-132A5298EA42}.Debug|Any CPU.Build.0 = Debug|Any CPU
		{4E693727-1C04-45B6-8655-132A5298EA42}.Release|Any CPU.ActiveCfg = Release|Any CPU
		{4E693727-1C04-45B6-8655-132A5298EA42}.Release|Any CPU.Build.0 = Release|Any CPU
		{637BE8CD-B5B7-498A-8A71-CED2AD876B96}.Debug|Any CPU.ActiveCfg = Debug|Any CPU
		{637BE8CD-B5B7-498A-8A71-CED2AD876B96}.Debug|Any CPU.Build.0 = Debug|Any CPU
		{637BE8CD-B5B7-498A-8A71-CED2AD876B96}.Release|Any CPU.ActiveCfg = Release|Any CPU
		{637BE8CD-B5B7-498A-8A71-CED2AD876B96}.Release|Any CPU.Build.0 = Release|Any CPU
	EndGlobalSection
	GlobalSection(SolutionProperties) = preSolution
		HideSolutionNode = FALSE
	EndGlobalSection
	GlobalSection(ExtensibilityGlobals) = postSolution
		SolutionGuid = {6288D72A-F19F-47E9-AA3B-B6140B94E76A}
	EndGlobalSection
EndGlobal
